// !$*UTF8*$!
{
	archiveVersion = 1;
	classes = {
	};
	objectVersion = 56;
	objects = {

/* Begin PBXBuildFile section */
		9B435CAC2AAFD5B100F92B0B /* FlightRowModel.swift in Sources */ = {isa = PBXBuildFile; fileRef = 9B435CAB2AAFD5B100F92B0B /* FlightRowModel.swift */; };
		9B435CAE2AB1529F00F92B0B /* AirlineEntity.swift in Sources */ = {isa = PBXBuildFile; fileRef = 9B435CAD2AB1529F00F92B0B /* AirlineEntity.swift */; };
		9B435CB02AB152A500F92B0B /* AirportEntity.swift in Sources */ = {isa = PBXBuildFile; fileRef = 9B435CAF2AB152A500F92B0B /* AirportEntity.swift */; };
		9B95122E2AA69E270038343F /* RootView.swift in Sources */ = {isa = PBXBuildFile; fileRef = 9B95122D2AA69E270038343F /* RootView.swift */; };
		9B9512332AA69FB90038343F /* HomeView.swift in Sources */ = {isa = PBXBuildFile; fileRef = 9B9512322AA69FB90038343F /* HomeView.swift */; };
		9B9512352AA69FC90038343F /* FavoritesView.swift in Sources */ = {isa = PBXBuildFile; fileRef = 9B9512342AA69FC80038343F /* FavoritesView.swift */; };
		9B95123E2AA6ABA90038343F /* flight-information++Bundle.swift in Sources */ = {isa = PBXBuildFile; fileRef = 9B95123D2AA6ABA90038343F /* flight-information++Bundle.swift */; };
		9B9512412AA6B1E80038343F /* Alamofire in Frameworks */ = {isa = PBXBuildFile; productRef = 9B9512402AA6B1E80038343F /* Alamofire */; };
		9B9512432AA6B8220038343F /* APIService.swift in Sources */ = {isa = PBXBuildFile; fileRef = 9B9512422AA6B8220038343F /* APIService.swift */; };
		9B9512472AA6C37E0038343F /* ArprtListResponse.swift in Sources */ = {isa = PBXBuildFile; fileRef = 9B9512462AA6C37E0038343F /* ArprtListResponse.swift */; };
		9B9512492AA6C54D0038343F /* HomeViewModel.swift in Sources */ = {isa = PBXBuildFile; fileRef = 9B9512482AA6C54D0038343F /* HomeViewModel.swift */; };
		9B95124C2AA6E17D0038343F /* AirmanListResponse.swift in Sources */ = {isa = PBXBuildFile; fileRef = 9B95124B2AA6E17D0038343F /* AirmanListResponse.swift */; };
		9B9512542AA706B40038343F /* FlightOpratInfoListResponse.swift in Sources */ = {isa = PBXBuildFile; fileRef = 9B9512532AA706B40038343F /* FlightOpratInfoListResponse.swift */; };
		9B95125B2AA7EF7C0038343F /* Realm in Frameworks */ = {isa = PBXBuildFile; productRef = 9B95125A2AA7EF7C0038343F /* Realm */; };
		9B95125D2AA7EF7C0038343F /* RealmSwift in Frameworks */ = {isa = PBXBuildFile; productRef = 9B95125C2AA7EF7C0038343F /* RealmSwift */; };
		9B95125F2AA8121A0038343F /* ListView.swift in Sources */ = {isa = PBXBuildFile; fileRef = 9B95125E2AA8121A0038343F /* ListView.swift */; };
		9B9512612AA832BE0038343F /* DropdownView.swift in Sources */ = {isa = PBXBuildFile; fileRef = 9B9512602AA832BE0038343F /* DropdownView.swift */; };
		9B9512642AA985900038343F /* String+.swift in Sources */ = {isa = PBXBuildFile; fileRef = 9B9512632AA985900038343F /* String+.swift */; };
		9B9512662AA9A9DA0038343F /* Date+.swift in Sources */ = {isa = PBXBuildFile; fileRef = 9B9512652AA9A9DA0038343F /* Date+.swift */; };
		9B95126E2AA9B4650038343F /* FavoritesEntity.swift in Sources */ = {isa = PBXBuildFile; fileRef = 9B95126D2AA9B4650038343F /* FavoritesEntity.swift */; };
		9B9512702AA9B8ED0038343F /* FlightDetailView.swift in Sources */ = {isa = PBXBuildFile; fileRef = 9B95126F2AA9B8ED0038343F /* FlightDetailView.swift */; };
		9B9512732AAB0ACE0038343F /* DataBaseManager.swift in Sources */ = {isa = PBXBuildFile; fileRef = 9B9512722AAB0ACE0038343F /* DataBaseManager.swift */; };
		9B97CA2F2AB19A32001D66E9 /* AlertToast in Frameworks */ = {isa = PBXBuildFile; productRef = 9B97CA2E2AB19A32001D66E9 /* AlertToast */; };
		9B97CA312AB1A067001D66E9 /* Binding+.swift in Sources */ = {isa = PBXBuildFile; fileRef = 9B97CA302AB1A067001D66E9 /* Binding+.swift */; };
		9B97CA332AB80EFD001D66E9 /* Int+.swift in Sources */ = {isa = PBXBuildFile; fileRef = 9B97CA322AB80EFD001D66E9 /* Int+.swift */; };
		9BA0F0B72C7B8B2200B1FA47 /* FlightInfo.plist in Resources */ = {isa = PBXBuildFile; fileRef = 9BA0F0B62C7B8B2200B1FA47 /* FlightInfo.plist */; };
		9BD921632AAE95080087B028 /* FavoritesViewModel.swift in Sources */ = {isa = PBXBuildFile; fileRef = 9BD921622AAE95080087B028 /* FavoritesViewModel.swift */; };
		9BF4094E2AA61FBB00285071 /* flight_informationApp.swift in Sources */ = {isa = PBXBuildFile; fileRef = 9BF4094D2AA61FBB00285071 /* flight_informationApp.swift */; };
		9BF409522AA61FBC00285071 /* Assets.xcassets in Resources */ = {isa = PBXBuildFile; fileRef = 9BF409512AA61FBC00285071 /* Assets.xcassets */; };
		9BF409552AA61FBC00285071 /* Preview Assets.xcassets in Resources */ = {isa = PBXBuildFile; fileRef = 9BF409542AA61FBC00285071 /* Preview Assets.xcassets */; };
		9BF4095F2AA61FBC00285071 /* flight_informationTests.swift in Sources */ = {isa = PBXBuildFile; fileRef = 9BF4095E2AA61FBC00285071 /* flight_informationTests.swift */; };
		9BF409692AA61FBC00285071 /* flight_informationUITests.swift in Sources */ = {isa = PBXBuildFile; fileRef = 9BF409682AA61FBC00285071 /* flight_informationUITests.swift */; };
		9BF4096B2AA61FBC00285071 /* flight_informationUITestsLaunchTests.swift in Sources */ = {isa = PBXBuildFile; fileRef = 9BF4096A2AA61FBC00285071 /* flight_informationUITestsLaunchTests.swift */; };
/* End PBXBuildFile section */

/* Begin PBXContainerItemProxy section */
		9BF4095B2AA61FBC00285071 /* PBXContainerItemProxy */ = {
			isa = PBXContainerItemProxy;
			containerPortal = 9BF409422AA61FBB00285071 /* Project object */;
			proxyType = 1;
			remoteGlobalIDString = 9BF409492AA61FBB00285071;
			remoteInfo = "flight-information";
		};
		9BF409652AA61FBC00285071 /* PBXContainerItemProxy */ = {
			isa = PBXContainerItemProxy;
			containerPortal = 9BF409422AA61FBB00285071 /* Project object */;
			proxyType = 1;
			remoteGlobalIDString = 9BF409492AA61FBB00285071;
			remoteInfo = "flight-information";
		};
/* End PBXContainerItemProxy section */

/* Begin PBXFileReference section */
		9B435CAB2AAFD5B100F92B0B /* FlightRowModel.swift */ = {isa = PBXFileReference; lastKnownFileType = sourcecode.swift; path = FlightRowModel.swift; sourceTree = "<group>"; };
		9B435CAD2AB1529F00F92B0B /* AirlineEntity.swift */ = {isa = PBXFileReference; fileEncoding = 4; lastKnownFileType = sourcecode.swift; path = AirlineEntity.swift; sourceTree = "<group>"; };
		9B435CAF2AB152A500F92B0B /* AirportEntity.swift */ = {isa = PBXFileReference; fileEncoding = 4; lastKnownFileType = sourcecode.swift; path = AirportEntity.swift; sourceTree = "<group>"; };
		9B95122D2AA69E270038343F /* RootView.swift */ = {isa = PBXFileReference; lastKnownFileType = sourcecode.swift; path = RootView.swift; sourceTree = "<group>"; };
		9B9512322AA69FB90038343F /* HomeView.swift */ = {isa = PBXFileReference; lastKnownFileType = sourcecode.swift; path = HomeView.swift; sourceTree = "<group>"; };
		9B9512342AA69FC80038343F /* FavoritesView.swift */ = {isa = PBXFileReference; lastKnownFileType = sourcecode.swift; path = FavoritesView.swift; sourceTree = "<group>"; };
		9B95123D2AA6ABA90038343F /* flight-information++Bundle.swift */ = {isa = PBXFileReference; lastKnownFileType = sourcecode.swift; path = "flight-information++Bundle.swift"; sourceTree = "<group>"; };
		9B9512422AA6B8220038343F /* APIService.swift */ = {isa = PBXFileReference; lastKnownFileType = sourcecode.swift; path = APIService.swift; sourceTree = "<group>"; };
		9B9512462AA6C37E0038343F /* ArprtListResponse.swift */ = {isa = PBXFileReference; lastKnownFileType = sourcecode.swift; path = ArprtListResponse.swift; sourceTree = "<group>"; };
		9B9512482AA6C54D0038343F /* HomeViewModel.swift */ = {isa = PBXFileReference; lastKnownFileType = sourcecode.swift; path = HomeViewModel.swift; sourceTree = "<group>"; };
		9B95124A2AA6C96D0038343F /* Info.plist */ = {isa = PBXFileReference; lastKnownFileType = text.plist; path = Info.plist; sourceTree = "<group>"; };
		9B95124B2AA6E17D0038343F /* AirmanListResponse.swift */ = {isa = PBXFileReference; lastKnownFileType = sourcecode.swift; path = AirmanListResponse.swift; sourceTree = "<group>"; };
		9B9512532AA706B40038343F /* FlightOpratInfoListResponse.swift */ = {isa = PBXFileReference; lastKnownFileType = sourcecode.swift; path = FlightOpratInfoListResponse.swift; sourceTree = "<group>"; };
		9B95125E2AA8121A0038343F /* ListView.swift */ = {isa = PBXFileReference; lastKnownFileType = sourcecode.swift; path = ListView.swift; sourceTree = "<group>"; };
		9B9512602AA832BE0038343F /* DropdownView.swift */ = {isa = PBXFileReference; lastKnownFileType = sourcecode.swift; path = DropdownView.swift; sourceTree = "<group>"; };
		9B9512632AA985900038343F /* String+.swift */ = {isa = PBXFileReference; lastKnownFileType = sourcecode.swift; path = "String+.swift"; sourceTree = "<group>"; };
		9B9512652AA9A9DA0038343F /* Date+.swift */ = {isa = PBXFileReference; lastKnownFileType = sourcecode.swift; path = "Date+.swift"; sourceTree = "<group>"; };
		9B95126D2AA9B4650038343F /* FavoritesEntity.swift */ = {isa = PBXFileReference; lastKnownFileType = sourcecode.swift; path = FavoritesEntity.swift; sourceTree = "<group>"; };
		9B95126F2AA9B8ED0038343F /* FlightDetailView.swift */ = {isa = PBXFileReference; lastKnownFileType = sourcecode.swift; path = FlightDetailView.swift; sourceTree = "<group>"; };
		9B9512722AAB0ACE0038343F /* DataBaseManager.swift */ = {isa = PBXFileReference; lastKnownFileType = sourcecode.swift; path = DataBaseManager.swift; sourceTree = "<group>"; };
		9B97CA302AB1A067001D66E9 /* Binding+.swift */ = {isa = PBXFileReference; lastKnownFileType = sourcecode.swift; path = "Binding+.swift"; sourceTree = "<group>"; };
		9B97CA322AB80EFD001D66E9 /* Int+.swift */ = {isa = PBXFileReference; lastKnownFileType = sourcecode.swift; path = "Int+.swift"; sourceTree = "<group>"; };
		9BA0F0B62C7B8B2200B1FA47 /* FlightInfo.plist */ = {isa = PBXFileReference; lastKnownFileType = text.plist.xml; path = FlightInfo.plist; sourceTree = "<group>"; };
		9BD921622AAE95080087B028 /* FavoritesViewModel.swift */ = {isa = PBXFileReference; lastKnownFileType = sourcecode.swift; path = FavoritesViewModel.swift; sourceTree = "<group>"; };
		9BF4094A2AA61FBB00285071 /* flight-information.app */ = {isa = PBXFileReference; explicitFileType = wrapper.application; includeInIndex = 0; path = "flight-information.app"; sourceTree = BUILT_PRODUCTS_DIR; };
		9BF4094D2AA61FBB00285071 /* flight_informationApp.swift */ = {isa = PBXFileReference; lastKnownFileType = sourcecode.swift; path = flight_informationApp.swift; sourceTree = "<group>"; };
		9BF409512AA61FBC00285071 /* Assets.xcassets */ = {isa = PBXFileReference; lastKnownFileType = folder.assetcatalog; path = Assets.xcassets; sourceTree = "<group>"; };
		9BF409542AA61FBC00285071 /* Preview Assets.xcassets */ = {isa = PBXFileReference; lastKnownFileType = folder.assetcatalog; path = "Preview Assets.xcassets"; sourceTree = "<group>"; };
		9BF4095A2AA61FBC00285071 /* flight-informationTests.xctest */ = {isa = PBXFileReference; explicitFileType = wrapper.cfbundle; includeInIndex = 0; path = "flight-informationTests.xctest"; sourceTree = BUILT_PRODUCTS_DIR; };
		9BF4095E2AA61FBC00285071 /* flight_informationTests.swift */ = {isa = PBXFileReference; lastKnownFileType = sourcecode.swift; path = flight_informationTests.swift; sourceTree = "<group>"; };
		9BF409642AA61FBC00285071 /* flight-informationUITests.xctest */ = {isa = PBXFileReference; explicitFileType = wrapper.cfbundle; includeInIndex = 0; path = "flight-informationUITests.xctest"; sourceTree = BUILT_PRODUCTS_DIR; };
		9BF409682AA61FBC00285071 /* flight_informationUITests.swift */ = {isa = PBXFileReference; lastKnownFileType = sourcecode.swift; path = flight_informationUITests.swift; sourceTree = "<group>"; };
		9BF4096A2AA61FBC00285071 /* flight_informationUITestsLaunchTests.swift */ = {isa = PBXFileReference; lastKnownFileType = sourcecode.swift; path = flight_informationUITestsLaunchTests.swift; sourceTree = "<group>"; };
/* End PBXFileReference section */

/* Begin PBXFrameworksBuildPhase section */
		9BF409472AA61FBB00285071 /* Frameworks */ = {
			isa = PBXFrameworksBuildPhase;
			buildActionMask = 2147483647;
			files = (
				9B95125D2AA7EF7C0038343F /* RealmSwift in Frameworks */,
				9B97CA2F2AB19A32001D66E9 /* AlertToast in Frameworks */,
				9B95125B2AA7EF7C0038343F /* Realm in Frameworks */,
				9B9512412AA6B1E80038343F /* Alamofire in Frameworks */,
			);
			runOnlyForDeploymentPostprocessing = 0;
		};
		9BF409572AA61FBC00285071 /* Frameworks */ = {
			isa = PBXFrameworksBuildPhase;
			buildActionMask = 2147483647;
			files = (
			);
			runOnlyForDeploymentPostprocessing = 0;
		};
		9BF409612AA61FBC00285071 /* Frameworks */ = {
			isa = PBXFrameworksBuildPhase;
			buildActionMask = 2147483647;
			files = (
			);
			runOnlyForDeploymentPostprocessing = 0;
		};
/* End PBXFrameworksBuildPhase section */

/* Begin PBXGroup section */
		9B95122F2AA69E590038343F /* Models */ = {
			isa = PBXGroup;
			children = (
				9B435CAF2AB152A500F92B0B /* AirportEntity.swift */,
				9B435CAD2AB1529F00F92B0B /* AirlineEntity.swift */,
				9B9512462AA6C37E0038343F /* ArprtListResponse.swift */,
				9B95124B2AA6E17D0038343F /* AirmanListResponse.swift */,
				9B9512532AA706B40038343F /* FlightOpratInfoListResponse.swift */,
				9B95126D2AA9B4650038343F /* FavoritesEntity.swift */,
			);
			path = Models;
			sourceTree = "<group>";
		};
		9B9512302AA69E6B0038343F /* Views */ = {
			isa = PBXGroup;
			children = (
				9B95122D2AA69E270038343F /* RootView.swift */,
				9B9512322AA69FB90038343F /* HomeView.swift */,
				9B9512342AA69FC80038343F /* FavoritesView.swift */,
				9B95125E2AA8121A0038343F /* ListView.swift */,
				9B9512602AA832BE0038343F /* DropdownView.swift */,
				9B95126F2AA9B8ED0038343F /* FlightDetailView.swift */,
			);
			path = Views;
			sourceTree = "<group>";
		};
		9B9512312AA69E770038343F /* ViewModels */ = {
			isa = PBXGroup;
			children = (
				9B9512482AA6C54D0038343F /* HomeViewModel.swift */,
				9BD921622AAE95080087B028 /* FavoritesViewModel.swift */,
				9B435CAB2AAFD5B100F92B0B /* FlightRowModel.swift */,
			);
			path = ViewModels;
			sourceTree = "<group>";
		};
		9B9512362AA6A7FE0038343F /* Services */ = {
			isa = PBXGroup;
			children = (
				9B9512422AA6B8220038343F /* APIService.swift */,
			);
			path = Services;
			sourceTree = "<group>";
		};
		9B9512622AA984640038343F /* Extensions */ = {
			isa = PBXGroup;
			children = (
				9B95123D2AA6ABA90038343F /* flight-information++Bundle.swift */,
				9B9512632AA985900038343F /* String+.swift */,
				9B9512652AA9A9DA0038343F /* Date+.swift */,
				9B97CA302AB1A067001D66E9 /* Binding+.swift */,
				9B97CA322AB80EFD001D66E9 /* Int+.swift */,
			);
			path = Extensions;
			sourceTree = "<group>";
		};
		9B9512712AAB0AB50038343F /* Managers */ = {
			isa = PBXGroup;
			children = (
				9B9512722AAB0ACE0038343F /* DataBaseManager.swift */,
			);
			path = Managers;
			sourceTree = "<group>";
		};
		9BF409412AA61FBB00285071 = {
			isa = PBXGroup;
			children = (
				9BF4094C2AA61FBB00285071 /* flight-information */,
				9BF4095D2AA61FBC00285071 /* flight-informationTests */,
				9BF409672AA61FBC00285071 /* flight-informationUITests */,
				9BF4094B2AA61FBB00285071 /* Products */,
			);
			sourceTree = "<group>";
		};
		9BF4094B2AA61FBB00285071 /* Products */ = {
			isa = PBXGroup;
			children = (
				9BF4094A2AA61FBB00285071 /* flight-information.app */,
				9BF4095A2AA61FBC00285071 /* flight-informationTests.xctest */,
				9BF409642AA61FBC00285071 /* flight-informationUITests.xctest */,
			);
			name = Products;
			sourceTree = "<group>";
		};
		9BF4094C2AA61FBB00285071 /* flight-information */ = {
			isa = PBXGroup;
			children = (
				9B9512712AAB0AB50038343F /* Managers */,
				9B9512622AA984640038343F /* Extensions */,
				9B95124A2AA6C96D0038343F /* Info.plist */,
				9BA0F0B62C7B8B2200B1FA47 /* FlightInfo.plist */,
				9B9512362AA6A7FE0038343F /* Services */,
				9B9512312AA69E770038343F /* ViewModels */,
				9B9512302AA69E6B0038343F /* Views */,
				9B95122F2AA69E590038343F /* Models */,
				9BF4094D2AA61FBB00285071 /* flight_informationApp.swift */,
				9BF409512AA61FBC00285071 /* Assets.xcassets */,
				9BF409532AA61FBC00285071 /* Preview Content */,
			);
			path = "flight-information";
			sourceTree = "<group>";
		};
		9BF409532AA61FBC00285071 /* Preview Content */ = {
			isa = PBXGroup;
			children = (
				9BF409542AA61FBC00285071 /* Preview Assets.xcassets */,
			);
			path = "Preview Content";
			sourceTree = "<group>";
		};
		9BF4095D2AA61FBC00285071 /* flight-informationTests */ = {
			isa = PBXGroup;
			children = (
				9BF4095E2AA61FBC00285071 /* flight_informationTests.swift */,
			);
			path = "flight-informationTests";
			sourceTree = "<group>";
		};
		9BF409672AA61FBC00285071 /* flight-informationUITests */ = {
			isa = PBXGroup;
			children = (
				9BF409682AA61FBC00285071 /* flight_informationUITests.swift */,
				9BF4096A2AA61FBC00285071 /* flight_informationUITestsLaunchTests.swift */,
			);
			path = "flight-informationUITests";
			sourceTree = "<group>";
		};
/* End PBXGroup section */

/* Begin PBXNativeTarget section */
		9BF409492AA61FBB00285071 /* flight-information */ = {
			isa = PBXNativeTarget;
			buildConfigurationList = 9BF4096E2AA61FBC00285071 /* Build configuration list for PBXNativeTarget "flight-information" */;
			buildPhases = (
				9BF409462AA61FBB00285071 /* Sources */,
				9BF409472AA61FBB00285071 /* Frameworks */,
				9BF409482AA61FBB00285071 /* Resources */,
			);
			buildRules = (
			);
			dependencies = (
			);
			name = "flight-information";
			packageProductDependencies = (
				9B9512402AA6B1E80038343F /* Alamofire */,
				9B95125A2AA7EF7C0038343F /* Realm */,
				9B95125C2AA7EF7C0038343F /* RealmSwift */,
				9B97CA2E2AB19A32001D66E9 /* AlertToast */,
			);
			productName = "flight-information";
			productReference = 9BF4094A2AA61FBB00285071 /* flight-information.app */;
			productType = "com.apple.product-type.application";
		};
		9BF409592AA61FBC00285071 /* flight-informationTests */ = {
			isa = PBXNativeTarget;
			buildConfigurationList = 9BF409712AA61FBC00285071 /* Build configuration list for PBXNativeTarget "flight-informationTests" */;
			buildPhases = (
				9BF409562AA61FBC00285071 /* Sources */,
				9BF409572AA61FBC00285071 /* Frameworks */,
				9BF409582AA61FBC00285071 /* Resources */,
			);
			buildRules = (
			);
			dependencies = (
				9BF4095C2AA61FBC00285071 /* PBXTargetDependency */,
			);
			name = "flight-informationTests";
			productName = "flight-informationTests";
			productReference = 9BF4095A2AA61FBC00285071 /* flight-informationTests.xctest */;
			productType = "com.apple.product-type.bundle.unit-test";
		};
		9BF409632AA61FBC00285071 /* flight-informationUITests */ = {
			isa = PBXNativeTarget;
			buildConfigurationList = 9BF409742AA61FBC00285071 /* Build configuration list for PBXNativeTarget "flight-informationUITests" */;
			buildPhases = (
				9BF409602AA61FBC00285071 /* Sources */,
				9BF409612AA61FBC00285071 /* Frameworks */,
				9BF409622AA61FBC00285071 /* Resources */,
			);
			buildRules = (
			);
			dependencies = (
				9BF409662AA61FBC00285071 /* PBXTargetDependency */,
			);
			name = "flight-informationUITests";
			productName = "flight-informationUITests";
			productReference = 9BF409642AA61FBC00285071 /* flight-informationUITests.xctest */;
			productType = "com.apple.product-type.bundle.ui-testing";
		};
/* End PBXNativeTarget section */

/* Begin PBXProject section */
		9BF409422AA61FBB00285071 /* Project object */ = {
			isa = PBXProject;
			attributes = {
				BuildIndependentTargetsInParallel = 1;
				LastSwiftUpdateCheck = 1430;
				LastUpgradeCheck = 1430;
				TargetAttributes = {
					9BF409492AA61FBB00285071 = {
						CreatedOnToolsVersion = 14.3.1;
					};
					9BF409592AA61FBC00285071 = {
						CreatedOnToolsVersion = 14.3.1;
						TestTargetID = 9BF409492AA61FBB00285071;
					};
					9BF409632AA61FBC00285071 = {
						CreatedOnToolsVersion = 14.3.1;
						TestTargetID = 9BF409492AA61FBB00285071;
					};
				};
			};
			buildConfigurationList = 9BF409452AA61FBB00285071 /* Build configuration list for PBXProject "flight-information" */;
			compatibilityVersion = "Xcode 14.0";
			developmentRegion = en;
			hasScannedForEncodings = 0;
			knownRegions = (
				en,
				Base,
			);
			mainGroup = 9BF409412AA61FBB00285071;
			packageReferences = (
				9B95123F2AA6B1E80038343F /* XCRemoteSwiftPackageReference "Alamofire" */,
				9B9512592AA7EF7C0038343F /* XCRemoteSwiftPackageReference "realm-swift" */,
				9B97CA2D2AB19A32001D66E9 /* XCRemoteSwiftPackageReference "AlertToast" */,
			);
			productRefGroup = 9BF4094B2AA61FBB00285071 /* Products */;
			projectDirPath = "";
			projectRoot = "";
			targets = (
				9BF409492AA61FBB00285071 /* flight-information */,
				9BF409592AA61FBC00285071 /* flight-informationTests */,
				9BF409632AA61FBC00285071 /* flight-informationUITests */,
			);
		};
/* End PBXProject section */

/* Begin PBXResourcesBuildPhase section */
		9BF409482AA61FBB00285071 /* Resources */ = {
			isa = PBXResourcesBuildPhase;
			buildActionMask = 2147483647;
			files = (
				9BF409552AA61FBC00285071 /* Preview Assets.xcassets in Resources */,
				9BF409522AA61FBC00285071 /* Assets.xcassets in Resources */,
				9BA0F0B72C7B8B2200B1FA47 /* FlightInfo.plist in Resources */,
			);
			runOnlyForDeploymentPostprocessing = 0;
		};
		9BF409582AA61FBC00285071 /* Resources */ = {
			isa = PBXResourcesBuildPhase;
			buildActionMask = 2147483647;
			files = (
			);
			runOnlyForDeploymentPostprocessing = 0;
		};
		9BF409622AA61FBC00285071 /* Resources */ = {
			isa = PBXResourcesBuildPhase;
			buildActionMask = 2147483647;
			files = (
			);
			runOnlyForDeploymentPostprocessing = 0;
		};
/* End PBXResourcesBuildPhase section */

/* Begin PBXSourcesBuildPhase section */
		9BF409462AA61FBB00285071 /* Sources */ = {
			isa = PBXSourcesBuildPhase;
			buildActionMask = 2147483647;
			files = (
				9B9512432AA6B8220038343F /* APIService.swift in Sources */,
				9B9512542AA706B40038343F /* FlightOpratInfoListResponse.swift in Sources */,
				9B9512492AA6C54D0038343F /* HomeViewModel.swift in Sources */,
				9B9512612AA832BE0038343F /* DropdownView.swift in Sources */,
				9B9512642AA985900038343F /* String+.swift in Sources */,
				9B95124C2AA6E17D0038343F /* AirmanListResponse.swift in Sources */,
				9B95123E2AA6ABA90038343F /* flight-information++Bundle.swift in Sources */,
				9B97CA312AB1A067001D66E9 /* Binding+.swift in Sources */,
				9B435CAE2AB1529F00F92B0B /* AirlineEntity.swift in Sources */,
				9B9512352AA69FC90038343F /* FavoritesView.swift in Sources */,
				9BD921632AAE95080087B028 /* FavoritesViewModel.swift in Sources */,
				9B97CA332AB80EFD001D66E9 /* Int+.swift in Sources */,
				9B9512332AA69FB90038343F /* HomeView.swift in Sources */,
				9B435CB02AB152A500F92B0B /* AirportEntity.swift in Sources */,
				9B9512732AAB0ACE0038343F /* DataBaseManager.swift in Sources */,
				9B9512702AA9B8ED0038343F /* FlightDetailView.swift in Sources */,
				9B95126E2AA9B4650038343F /* FavoritesEntity.swift in Sources */,
				9B95125F2AA8121A0038343F /* ListView.swift in Sources */,
				9B435CAC2AAFD5B100F92B0B /* FlightRowModel.swift in Sources */,
				9BF4094E2AA61FBB00285071 /* flight_informationApp.swift in Sources */,
				9B9512662AA9A9DA0038343F /* Date+.swift in Sources */,
				9B9512472AA6C37E0038343F /* ArprtListResponse.swift in Sources */,
				9B95122E2AA69E270038343F /* RootView.swift in Sources */,
			);
			runOnlyForDeploymentPostprocessing = 0;
		};
		9BF409562AA61FBC00285071 /* Sources */ = {
			isa = PBXSourcesBuildPhase;
			buildActionMask = 2147483647;
			files = (
				9BF4095F2AA61FBC00285071 /* flight_informationTests.swift in Sources */,
			);
			runOnlyForDeploymentPostprocessing = 0;
		};
		9BF409602AA61FBC00285071 /* Sources */ = {
			isa = PBXSourcesBuildPhase;
			buildActionMask = 2147483647;
			files = (
				9BF409692AA61FBC00285071 /* flight_informationUITests.swift in Sources */,
				9BF4096B2AA61FBC00285071 /* flight_informationUITestsLaunchTests.swift in Sources */,
			);
			runOnlyForDeploymentPostprocessing = 0;
		};
/* End PBXSourcesBuildPhase section */

/* Begin PBXTargetDependency section */
		9BF4095C2AA61FBC00285071 /* PBXTargetDependency */ = {
			isa = PBXTargetDependency;
			target = 9BF409492AA61FBB00285071 /* flight-information */;
			targetProxy = 9BF4095B2AA61FBC00285071 /* PBXContainerItemProxy */;
		};
		9BF409662AA61FBC00285071 /* PBXTargetDependency */ = {
			isa = PBXTargetDependency;
			target = 9BF409492AA61FBB00285071 /* flight-information */;
			targetProxy = 9BF409652AA61FBC00285071 /* PBXContainerItemProxy */;
		};
/* End PBXTargetDependency section */

/* Begin XCBuildConfiguration section */
		9BF4096C2AA61FBC00285071 /* Debug */ = {
			isa = XCBuildConfiguration;
			buildSettings = {
				ALWAYS_SEARCH_USER_PATHS = NO;
				CLANG_ANALYZER_NONNULL = YES;
				CLANG_ANALYZER_NUMBER_OBJECT_CONVERSION = YES_AGGRESSIVE;
				CLANG_CXX_LANGUAGE_STANDARD = "gnu++20";
				CLANG_ENABLE_MODULES = YES;
				CLANG_ENABLE_OBJC_ARC = YES;
				CLANG_ENABLE_OBJC_WEAK = YES;
				CLANG_WARN_BLOCK_CAPTURE_AUTORELEASING = YES;
				CLANG_WARN_BOOL_CONVERSION = YES;
				CLANG_WARN_COMMA = YES;
				CLANG_WARN_CONSTANT_CONVERSION = YES;
				CLANG_WARN_DEPRECATED_OBJC_IMPLEMENTATIONS = YES;
				CLANG_WARN_DIRECT_OBJC_ISA_USAGE = YES_ERROR;
				CLANG_WARN_DOCUMENTATION_COMMENTS = YES;
				CLANG_WARN_EMPTY_BODY = YES;
				CLANG_WARN_ENUM_CONVERSION = YES;
				CLANG_WARN_INFINITE_RECURSION = YES;
				CLANG_WARN_INT_CONVERSION = YES;
				CLANG_WARN_NON_LITERAL_NULL_CONVERSION = YES;
				CLANG_WARN_OBJC_IMPLICIT_RETAIN_SELF = YES;
				CLANG_WARN_OBJC_LITERAL_CONVERSION = YES;
				CLANG_WARN_OBJC_ROOT_CLASS = YES_ERROR;
				CLANG_WARN_QUOTED_INCLUDE_IN_FRAMEWORK_HEADER = YES;
				CLANG_WARN_RANGE_LOOP_ANALYSIS = YES;
				CLANG_WARN_STRICT_PROTOTYPES = YES;
				CLANG_WARN_SUSPICIOUS_MOVE = YES;
				CLANG_WARN_UNGUARDED_AVAILABILITY = YES_AGGRESSIVE;
				CLANG_WARN_UNREACHABLE_CODE = YES;
				CLANG_WARN__DUPLICATE_METHOD_MATCH = YES;
				COPY_PHASE_STRIP = NO;
				DEBUG_INFORMATION_FORMAT = dwarf;
				ENABLE_STRICT_OBJC_MSGSEND = YES;
				ENABLE_TESTABILITY = YES;
				GCC_C_LANGUAGE_STANDARD = gnu11;
				GCC_DYNAMIC_NO_PIC = NO;
				GCC_NO_COMMON_BLOCKS = YES;
				GCC_OPTIMIZATION_LEVEL = 0;
				GCC_PREPROCESSOR_DEFINITIONS = (
					"DEBUG=1",
					"$(inherited)",
				);
				GCC_WARN_64_TO_32_BIT_CONVERSION = YES;
				GCC_WARN_ABOUT_RETURN_TYPE = YES_ERROR;
				GCC_WARN_UNDECLARED_SELECTOR = YES;
				GCC_WARN_UNINITIALIZED_AUTOS = YES_AGGRESSIVE;
				GCC_WARN_UNUSED_FUNCTION = YES;
				GCC_WARN_UNUSED_VARIABLE = YES;
				IPHONEOS_DEPLOYMENT_TARGET = 16.4;
				MTL_ENABLE_DEBUG_INFO = INCLUDE_SOURCE;
				MTL_FAST_MATH = YES;
				ONLY_ACTIVE_ARCH = YES;
				SDKROOT = iphoneos;
				SWIFT_ACTIVE_COMPILATION_CONDITIONS = DEBUG;
				SWIFT_OPTIMIZATION_LEVEL = "-Onone";
			};
			name = Debug;
		};
		9BF4096D2AA61FBC00285071 /* Release */ = {
			isa = XCBuildConfiguration;
			buildSettings = {
				ALWAYS_SEARCH_USER_PATHS = NO;
				CLANG_ANALYZER_NONNULL = YES;
				CLANG_ANALYZER_NUMBER_OBJECT_CONVERSION = YES_AGGRESSIVE;
				CLANG_CXX_LANGUAGE_STANDARD = "gnu++20";
				CLANG_ENABLE_MODULES = YES;
				CLANG_ENABLE_OBJC_ARC = YES;
				CLANG_ENABLE_OBJC_WEAK = YES;
				CLANG_WARN_BLOCK_CAPTURE_AUTORELEASING = YES;
				CLANG_WARN_BOOL_CONVERSION = YES;
				CLANG_WARN_COMMA = YES;
				CLANG_WARN_CONSTANT_CONVERSION = YES;
				CLANG_WARN_DEPRECATED_OBJC_IMPLEMENTATIONS = YES;
				CLANG_WARN_DIRECT_OBJC_ISA_USAGE = YES_ERROR;
				CLANG_WARN_DOCUMENTATION_COMMENTS = YES;
				CLANG_WARN_EMPTY_BODY = YES;
				CLANG_WARN_ENUM_CONVERSION = YES;
				CLANG_WARN_INFINITE_RECURSION = YES;
				CLANG_WARN_INT_CONVERSION = YES;
				CLANG_WARN_NON_LITERAL_NULL_CONVERSION = YES;
				CLANG_WARN_OBJC_IMPLICIT_RETAIN_SELF = YES;
				CLANG_WARN_OBJC_LITERAL_CONVERSION = YES;
				CLANG_WARN_OBJC_ROOT_CLASS = YES_ERROR;
				CLANG_WARN_QUOTED_INCLUDE_IN_FRAMEWORK_HEADER = YES;
				CLANG_WARN_RANGE_LOOP_ANALYSIS = YES;
				CLANG_WARN_STRICT_PROTOTYPES = YES;
				CLANG_WARN_SUSPICIOUS_MOVE = YES;
				CLANG_WARN_UNGUARDED_AVAILABILITY = YES_AGGRESSIVE;
				CLANG_WARN_UNREACHABLE_CODE = YES;
				CLANG_WARN__DUPLICATE_METHOD_MATCH = YES;
				COPY_PHASE_STRIP = NO;
				DEBUG_INFORMATION_FORMAT = "dwarf-with-dsym";
				ENABLE_NS_ASSERTIONS = NO;
				ENABLE_STRICT_OBJC_MSGSEND = YES;
				GCC_C_LANGUAGE_STANDARD = gnu11;
				GCC_NO_COMMON_BLOCKS = YES;
				GCC_WARN_64_TO_32_BIT_CONVERSION = YES;
				GCC_WARN_ABOUT_RETURN_TYPE = YES_ERROR;
				GCC_WARN_UNDECLARED_SELECTOR = YES;
				GCC_WARN_UNINITIALIZED_AUTOS = YES_AGGRESSIVE;
				GCC_WARN_UNUSED_FUNCTION = YES;
				GCC_WARN_UNUSED_VARIABLE = YES;
				IPHONEOS_DEPLOYMENT_TARGET = 16.4;
				MTL_ENABLE_DEBUG_INFO = NO;
				MTL_FAST_MATH = YES;
				SDKROOT = iphoneos;
				SWIFT_COMPILATION_MODE = wholemodule;
				SWIFT_OPTIMIZATION_LEVEL = "-O";
				VALIDATE_PRODUCT = YES;
			};
			name = Release;
		};
		9BF4096F2AA61FBC00285071 /* Debug */ = {
			isa = XCBuildConfiguration;
			buildSettings = {
				ASSETCATALOG_COMPILER_APPICON_NAME = AppIcon;
				ASSETCATALOG_COMPILER_GLOBAL_ACCENT_COLOR_NAME = AccentColor;
				CODE_SIGN_STYLE = Automatic;
				CURRENT_PROJECT_VERSION = 1;
				DEVELOPMENT_ASSET_PATHS = "\"flight-information/Preview Content\"";
				DEVELOPMENT_TEAM = NN86XHW782;
				ENABLE_PREVIEWS = YES;
				GENERATE_INFOPLIST_FILE = YES;
				INFOPLIST_FILE = "flight-information/Info.plist";
				INFOPLIST_KEY_UIApplicationSceneManifest_Generation = YES;
				INFOPLIST_KEY_UIApplicationSupportsIndirectInputEvents = YES;
				INFOPLIST_KEY_UILaunchScreen_Generation = YES;
				INFOPLIST_KEY_UISupportedInterfaceOrientations_iPad = "UIInterfaceOrientationPortrait UIInterfaceOrientationPortraitUpsideDown UIInterfaceOrientationLandscapeLeft UIInterfaceOrientationLandscapeRight";
				INFOPLIST_KEY_UISupportedInterfaceOrientations_iPhone = "UIInterfaceOrientationPortrait UIInterfaceOrientationLandscapeLeft UIInterfaceOrientationLandscapeRight";
				LD_RUNPATH_SEARCH_PATHS = (
					"$(inherited)",
					"@executable_path/Frameworks",
				);
				MARKETING_VERSION = 1.0;
				PRODUCT_BUNDLE_IDENTIFIER = "kr.dayeon.flight-information";
				PRODUCT_NAME = "$(TARGET_NAME)";
				SWIFT_EMIT_LOC_STRINGS = YES;
				SWIFT_VERSION = 5.0;
				TARGETED_DEVICE_FAMILY = "1,2";
			};
			name = Debug;
		};
		9BF409702AA61FBC00285071 /* Release */ = {
			isa = XCBuildConfiguration;
			buildSettings = {
				ASSETCATALOG_COMPILER_APPICON_NAME = AppIcon;
				ASSETCATALOG_COMPILER_GLOBAL_ACCENT_COLOR_NAME = AccentColor;
				CODE_SIGN_STYLE = Automatic;
				CURRENT_PROJECT_VERSION = 1;
				DEVELOPMENT_ASSET_PATHS = "\"flight-information/Preview Content\"";
				DEVELOPMENT_TEAM = NN86XHW782;
				ENABLE_PREVIEWS = YES;
				GENERATE_INFOPLIST_FILE = YES;
				INFOPLIST_FILE = "flight-information/Info.plist";
				INFOPLIST_KEY_UIApplicationSceneManifest_Generation = YES;
				INFOPLIST_KEY_UIApplicationSupportsIndirectInputEvents = YES;
				INFOPLIST_KEY_UILaunchScreen_Generation = YES;
				INFOPLIST_KEY_UISupportedInterfaceOrientations_iPad = "UIInterfaceOrientationPortrait UIInterfaceOrientationPortraitUpsideDown UIInterfaceOrientationLandscapeLeft UIInterfaceOrientationLandscapeRight";
				INFOPLIST_KEY_UISupportedInterfaceOrientations_iPhone = "UIInterfaceOrientationPortrait UIInterfaceOrientationLandscapeLeft UIInterfaceOrientationLandscapeRight";
				LD_RUNPATH_SEARCH_PATHS = (
					"$(inherited)",
					"@executable_path/Frameworks",
				);
				MARKETING_VERSION = 1.0;
				PRODUCT_BUNDLE_IDENTIFIER = "kr.dayeon.flight-information";
				PRODUCT_NAME = "$(TARGET_NAME)";
				SWIFT_EMIT_LOC_STRINGS = YES;
				SWIFT_VERSION = 5.0;
				TARGETED_DEVICE_FAMILY = "1,2";
			};
			name = Release;
		};
		9BF409722AA61FBC00285071 /* Debug */ = {
			isa = XCBuildConfiguration;
			buildSettings = {
				ALWAYS_EMBED_SWIFT_STANDARD_LIBRARIES = YES;
				BUNDLE_LOADER = "$(TEST_HOST)";
				CODE_SIGN_STYLE = Automatic;
				CURRENT_PROJECT_VERSION = 1;
				DEVELOPMENT_TEAM = NN86XHW782;
				GENERATE_INFOPLIST_FILE = YES;
				IPHONEOS_DEPLOYMENT_TARGET = 16.4;
				MARKETING_VERSION = 1.0;
				PRODUCT_BUNDLE_IDENTIFIER = "kr.dayeon.flight-informationTests";
				PRODUCT_NAME = "$(TARGET_NAME)";
				SWIFT_EMIT_LOC_STRINGS = NO;
				SWIFT_VERSION = 5.0;
				TARGETED_DEVICE_FAMILY = "1,2";
				TEST_HOST = "$(BUILT_PRODUCTS_DIR)/flight-information.app/$(BUNDLE_EXECUTABLE_FOLDER_PATH)/flight-information";
			};
			name = Debug;
		};
		9BF409732AA61FBC00285071 /* Release */ = {
			isa = XCBuildConfiguration;
			buildSettings = {
				ALWAYS_EMBED_SWIFT_STANDARD_LIBRARIES = YES;
				BUNDLE_LOADER = "$(TEST_HOST)";
				CODE_SIGN_STYLE = Automatic;
				CURRENT_PROJECT_VERSION = 1;
				DEVELOPMENT_TEAM = NN86XHW782;
				GENERATE_INFOPLIST_FILE = YES;
				IPHONEOS_DEPLOYMENT_TARGET = 16.4;
				MARKETING_VERSION = 1.0;
				PRODUCT_BUNDLE_IDENTIFIER = "kr.dayeon.flight-informationTests";
				PRODUCT_NAME = "$(TARGET_NAME)";
				SWIFT_EMIT_LOC_STRINGS = NO;
				SWIFT_VERSION = 5.0;
				TARGETED_DEVICE_FAMILY = "1,2";
				TEST_HOST = "$(BUILT_PRODUCTS_DIR)/flight-information.app/$(BUNDLE_EXECUTABLE_FOLDER_PATH)/flight-information";
			};
			name = Release;
		};
		9BF409752AA61FBC00285071 /* Debug */ = {
			isa = XCBuildConfiguration;
			buildSettings = {
				ALWAYS_EMBED_SWIFT_STANDARD_LIBRARIES = YES;
				CODE_SIGN_STYLE = Automatic;
				CURRENT_PROJECT_VERSION = 1;
				DEVELOPMENT_TEAM = NN86XHW782;
				GENERATE_INFOPLIST_FILE = YES;
				MARKETING_VERSION = 1.0;
				PRODUCT_BUNDLE_IDENTIFIER = "kr.dayeon.flight-informationUITests";
				PRODUCT_NAME = "$(TARGET_NAME)";
				SWIFT_EMIT_LOC_STRINGS = NO;
				SWIFT_VERSION = 5.0;
				TARGETED_DEVICE_FAMILY = "1,2";
				TEST_TARGET_NAME = "flight-information";
			};
			name = Debug;
		};
		9BF409762AA61FBC00285071 /* Release */ = {
			isa = XCBuildConfiguration;
			buildSettings = {
				ALWAYS_EMBED_SWIFT_STANDARD_LIBRARIES = YES;
				CODE_SIGN_STYLE = Automatic;
				CURRENT_PROJECT_VERSION = 1;
				DEVELOPMENT_TEAM = NN86XHW782;
				GENERATE_INFOPLIST_FILE = YES;
				MARKETING_VERSION = 1.0;
				PRODUCT_BUNDLE_IDENTIFIER = "kr.dayeon.flight-informationUITests";
				PRODUCT_NAME = "$(TARGET_NAME)";
				SWIFT_EMIT_LOC_STRINGS = NO;
				SWIFT_VERSION = 5.0;
				TARGETED_DEVICE_FAMILY = "1,2";
				TEST_TARGET_NAME = "flight-information";
			};
			name = Release;
		};
/* End XCBuildConfiguration section */

/* Begin XCConfigurationList section */
		9BF409452AA61FBB00285071 /* Build configuration list for PBXProject "flight-information" */ = {
			isa = XCConfigurationList;
			buildConfigurations = (
				9BF4096C2AA61FBC00285071 /* Debug */,
				9BF4096D2AA61FBC00285071 /* Release */,
			);
			defaultConfigurationIsVisible = 0;
			defaultConfigurationName = Release;
		};
		9BF4096E2AA61FBC00285071 /* Build configuration list for PBXNativeTarget "flight-information" */ = {
			isa = XCConfigurationList;
			buildConfigurations = (
				9BF4096F2AA61FBC00285071 /* Debug */,
				9BF409702AA61FBC00285071 /* Release */,
			);
			defaultConfigurationIsVisible = 0;
			defaultConfigurationName = Release;
		};
		9BF409712AA61FBC00285071 /* Build configuration list for PBXNativeTarget "flight-informationTests" */ = {
			isa = XCConfigurationList;
			buildConfigurations = (
				9BF409722AA61FBC00285071 /* Debug */,
				9BF409732AA61FBC00285071 /* Release */,
			);
			defaultConfigurationIsVisible = 0;
			defaultConfigurationName = Release;
		};
		9BF409742AA61FBC00285071 /* Build configuration list for PBXNativeTarget "flight-informationUITests" */ = {
			isa = XCConfigurationList;
			buildConfigurations = (
				9BF409752AA61FBC00285071 /* Debug */,
				9BF409762AA61FBC00285071 /* Release */,
			);
			defaultConfigurationIsVisible = 0;
			defaultConfigurationName = Release;
		};
/* End XCConfigurationList section */

/* Begin XCRemoteSwiftPackageReference section */
		9B95123F2AA6B1E80038343F /* XCRemoteSwiftPackageReference "Alamofire" */ = {
			isa = XCRemoteSwiftPackageReference;
			repositoryURL = "https://github.com/Alamofire/Alamofire.git";
			requirement = {
				kind = upToNextMajorVersion;
				minimumVersion = 5.0.0;
			};
		};
		9B9512592AA7EF7C0038343F /* XCRemoteSwiftPackageReference "realm-swift" */ = {
			isa = XCRemoteSwiftPackageReference;
			repositoryURL = "https://github.com/realm/realm-swift.git";
			requirement = {
				branch = master;
				kind = branch;
			};
		};
		9B97CA2D2AB19A32001D66E9 /* XCRemoteSwiftPackageReference "AlertToast" */ = {
			isa = XCRemoteSwiftPackageReference;
			repositoryURL = "https://github.com/elai950/AlertToast.git";
			requirement = {
				kind = upToNextMajorVersion;
				minimumVersion = 1.0.0;
			};
		};
/* End XCRemoteSwiftPackageReference section */

/* Begin XCSwiftPackageProductDependency section */
		9B9512402AA6B1E80038343F /* Alamofire */ = {
			isa = XCSwiftPackageProductDependency;
			package = 9B95123F2AA6B1E80038343F /* XCRemoteSwiftPackageReference "Alamofire" */;
			productName = Alamofire;
		};
		9B95125A2AA7EF7C0038343F /* Realm */ = {
			isa = XCSwiftPackageProductDependency;
			package = 9B9512592AA7EF7C0038343F /* XCRemoteSwiftPackageReference "realm-swift" */;
			productName = Realm;
		};
		9B95125C2AA7EF7C0038343F /* RealmSwift */ = {
			isa = XCSwiftPackageProductDependency;
			package = 9B9512592AA7EF7C0038343F /* XCRemoteSwiftPackageReference "realm-swift" */;
			productName = RealmSwift;
		};
		9B97CA2E2AB19A32001D66E9 /* AlertToast */ = {
			isa = XCSwiftPackageProductDependency;
			package = 9B97CA2D2AB19A32001D66E9 /* XCRemoteSwiftPackageReference "AlertToast" */;
			productName = AlertToast;
		};
/* End XCSwiftPackageProductDependency section */
	};
	rootObject = 9BF409422AA61FBB00285071 /* Project object */;
}
